
Microsoft Visual Studio Solution File, Format Version 12.00
# Visual Studio Version 17
VisualStudioVersion = 17.8.34511.84
MinimumVisualStudioVersion = 10.0.40219.1
Project("{FAE04EC0-301F-11D3-BF4B-00C04F79EFBC}") = "2024_02_21_OpenSourceKeyLoggerToInteger", "2024_02_21_OpenSourceKeyLoggerToInteger.csproj", "{51E75B7E-CDBA-4281-AA3C-E031D81D2376}"
EndProject
Global
	GlobalSection(SolutionConfigurationPlatforms) = preSolution
		Debug|Any CPU = Debug|Any CPU
		Release|Any CPU = Release|Any CPU
	EndGlobalSection
	GlobalSection(ProjectConfigurationPlatforms) = postSolution
		{51E75B7E-CDBA-4281-AA3C-E031D81D2376}.Debug|Any CPU.ActiveCfg = Debug|Any CPU
		{51E75B7E-CDBA-4281-AA3C-E031D81D2376}.Debug|Any CPU.Build.0 = Debug|Any CPU
		{51E75B7E-CDBA-4281-AA3C-E031D81D2376}.Release|Any CPU.ActiveCfg = Release|Any CPU
		{51E75B7E-CDBA-4281-AA3C-E031D81D2376}.Release|Any CPU.Build.0 = Release|Any CPU
	EndGlobalSection
	GlobalSection(SolutionProperties) = preSolution
		HideSolutionNode = FALSE
	EndGlobalSection
	GlobalSection(ExtensibilityGlobals) = postSolution
		SolutionGuid = {CAE6DDBE-B563-444E-A508-B48A33202ADB}
	EndGlobalSection
EndGlobal
